
Microsoft Visual Studio Solution File, Format Version 12.00
# Visual Studio Version 16
VisualStudioVersion = 16.0.32428.217
MinimumVisualStudioVersion = 10.0.40219.1
Project("{9A19103F-16F7-4668-BE54-9A1E7A4F7556}") = "Gsm", "Gsm\Gsm.csproj", "{B7FAD4CF-FA88-4B55-9F2F-AF8E4AAAD4AF}"
EndProject
Project("{FAE04EC0-301F-11D3-BF4B-00C04F79EFBC}") = "Gsm.Tests", "Gsm.Tests\Gsm.Tests.csproj", "{2B474DBE-8BF1-4F90-A526-A486765F08D8}"
EndProject
Global
	GlobalSection(SolutionConfigurationPlatforms) = preSolution
		Debug|Any CPU = Debug|Any CPU
		Release|Any CPU = Release|Any CPU
	EndGlobalSection
	GlobalSection(ProjectConfigurationPlatforms) = postSolution
		{B7FAD4CF-FA88-4B55-9F2F-AF8E4AAAD4AF}.Debug|Any CPU.ActiveCfg = Debug|Any CPU
		{B7FAD4CF-FA88-4B55-9F2F-AF8E4AAAD4AF}.Debug|Any CPU.Build.0 = Debug|Any CPU
		{B7FAD4CF-FA88-4B55-9F2F-AF8E4AAAD4AF}.Release|Any CPU.ActiveCfg = Release|Any CPU
		{B7FAD4CF-FA88-4B55-9F2F-AF8E4AAAD4AF}.Release|Any CPU.Build.0 = Release|Any CPU
		{2B474DBE-8BF1-4F90-A526-A486765F08D8}.Debug|Any CPU.ActiveCfg = Debug|Any CPU
		{2B474DBE-8BF1-4F90-A526-A486765F08D8}.Debug|Any CPU.Build.0 = Debug|Any CPU
		{2B474DBE-8BF1-4F90-A526-A486765F08D8}.Release|Any CPU.ActiveCfg = Release|Any CPU
		{2B474DBE-8BF1-4F90-A526-A486765F08D8}.Release|Any CPU.Build.0 = Release|Any CPU
	EndGlobalSection
	GlobalSection(SolutionProperties) = preSolution
		HideSolutionNode = FALSE
	EndGlobalSection
	GlobalSection(ExtensibilityGlobals) = postSolution
		SolutionGuid = {A0973870-BBCA-47D9-877D-18CB440EAAC7}
	EndGlobalSection
EndGlobal
